
Microsoft Visual Studio Solution File, Format Version 12.00
# Visual Studio Version 17
VisualStudioVersion = 17.11.35327.3
MinimumVisualStudioVersion = 10.0.40219.1
Project("{FAE04EC0-301F-11D3-BF4B-00C04F79EFBC}") = "LoanSystem", "LoanSystem\LoanSystem.csproj", "{170BE5B3-06E7-45E4-995A-B2382D74606C}"
EndProject
Global
	GlobalSection(SolutionConfigurationPlatforms) = preSolution
		Debug|Any CPU = Debug|Any CPU
		Release|Any CPU = Release|Any CPU
	EndGlobalSection
	GlobalSection(ProjectConfigurationPlatforms) = postSolution
		{170BE5B3-06E7-45E4-995A-B2382D74606C}.Debug|Any CPU.ActiveCfg = Debug|Any CPU
		{170BE5B3-06E7-45E4-995A-B2382D74606C}.Debug|Any CPU.Build.0 = Debug|Any CPU
		{170BE5B3-06E7-45E4-995A-B2382D74606C}.Release|Any CPU.ActiveCfg = Release|Any CPU
		{170BE5B3-06E7-45E4-995A-B2382D74606C}.Release|Any CPU.Build.0 = Release|Any CPU
	EndGlobalSection
	GlobalSection(SolutionProperties) = preSolution
		HideSolutionNode = FALSE
	EndGlobalSection
	GlobalSection(ExtensibilityGlobals) = postSolution
		SolutionGuid = {75EEA034-2561-4384-BED3-90682E3F6157}
	EndGlobalSection
EndGlobal
